
Microsoft Visual Studio Solution File, Format Version 12.00
# Visual Studio Version 16
VisualStudioVersion = 16.0.29519.87
MinimumVisualStudioVersion = 10.0.40219.1
Project("{FAE04EC0-301F-11D3-BF4B-00C04F79EFBC}") = "MovieSearch", "MovieSearch\MovieSearch.csproj", "{EC92A00F-CD70-461E-A89F-54349EE9ACDD}"
EndProject
Global
	GlobalSection(SolutionConfigurationPlatforms) = preSolution
		Debug|Any CPU = Debug|Any CPU
		Release|Any CPU = Release|Any CPU
	EndGlobalSection
	GlobalSection(ProjectConfigurationPlatforms) = postSolution
		{EC92A00F-CD70-461E-A89F-54349EE9ACDD}.Debug|Any CPU.ActiveCfg = Debug|Any CPU
		{EC92A00F-CD70-461E-A89F-54349EE9ACDD}.Debug|Any CPU.Build.0 = Debug|Any CPU
		{EC92A00F-CD70-461E-A89F-54349EE9ACDD}.Release|Any CPU.ActiveCfg = Release|Any CPU
		{EC92A00F-CD70-461E-A89F-54349EE9ACDD}.Release|Any CPU.Build.0 = Release|Any CPU
	EndGlobalSection
	GlobalSection(SolutionProperties) = preSolution
		HideSolutionNode = FALSE
	EndGlobalSection
	GlobalSection(ExtensibilityGlobals) = postSolution
		SolutionGuid = {87FFA1A3-37A8-4BF6-855E-E8259C97DA1B}
	EndGlobalSection
EndGlobal
